// !$*UTF8*$!
{
	archiveVersion = 1;
	classes = {
	};
	objectVersion = 54;
	objects = {

/* Begin PBXBuildFile section */
		353210FA24C4429700E9CE80 /* HomeSingleTextCell.swift in Sources */ = {isa = PBXBuildFile; fileRef = 353210F924C4429700E9CE80 /* HomeSingleTextCell.swift */; };
		35E1235524EA7C0900ED12D0 /* HomePageFunctionCollectionCell.swift in Sources */ = {isa = PBXBuildFile; fileRef = 35E1235424EA7C0900ED12D0 /* HomePageFunctionCollectionCell.swift */; };
		35E1235724EA7E1B00ED12D0 /* HomePage.xcassets in Resources */ = {isa = PBXBuildFile; fileRef = 35E1235624EA7E1B00ED12D0 /* HomePage.xcassets */; };
		6CED0AB808441C16D6948EFD /* Pods_News.framework in Frameworks */ = {isa = PBXBuildFile; fileRef = B166A9E9B9D9BAE1079D1A92 /* Pods_News.framework */; };
		7415F3BE24D85DC20050D599 /* HomePageFunctionPopView.swift in Sources */ = {isa = PBXBuildFile; fileRef = 7415F3BD24D85DC20050D599 /* HomePageFunctionPopView.swift */; };
		741AE16124BB6E2000557DAC /* NetworkTool.swift in Sources */ = {isa = PBXBuildFile; fileRef = 741AE16024BB6E2000557DAC /* NetworkTool.swift */; };
		741AE16324BB76D600557DAC /* MyCellModel.swift in Sources */ = {isa = PBXBuildFile; fileRef = 741AE16224BB76D600557DAC /* MyCellModel.swift */; };
		745E2ACB24C9D39B00B9FF81 /* HomePageSinglePicCell.swift in Sources */ = {isa = PBXBuildFile; fileRef = 745E2ACA24C9D39B00B9FF81 /* HomePageSinglePicCell.swift */; };
		7464D75424C888A6003DC7F0 /* HomePageListModel.swift in Sources */ = {isa = PBXBuildFile; fileRef = 7464D75324C888A6003DC7F0 /* HomePageListModel.swift */; };
		74721DBA24C5F9D100C181CA /* HttpRequestFile.swift in Sources */ = {isa = PBXBuildFile; fileRef = 74721DB924C5F9D100C181CA /* HttpRequestFile.swift */; };
		74721DBC24C5FA6700C181CA /* HttpRequestExtension.swift in Sources */ = {isa = PBXBuildFile; fileRef = 74721DBB24C5FA6700C181CA /* HttpRequestExtension.swift */; };
		74721DC224C60EF600C181CA /* HomePageChannelModel.swift in Sources */ = {isa = PBXBuildFile; fileRef = 74721DC124C60EF600C181CA /* HomePageChannelModel.swift */; };
		7488956A24C083AE00AF165E /* MyOtherCell.swift in Sources */ = {isa = PBXBuildFile; fileRef = 7488956824C083AD00AF165E /* MyOtherCell.swift */; };
		7488956B24C083AE00AF165E /* MyOtherCell.xib in Resources */ = {isa = PBXBuildFile; fileRef = 7488956924C083AE00AF165E /* MyOtherCell.xib */; };
		7488956D24C08FFE00AF165E /* HomeViewListVC.swift in Sources */ = {isa = PBXBuildFile; fileRef = 7488956C24C08FFE00AF165E /* HomeViewListVC.swift */; };
		7488956F24C0A12200AF165E /* PersonalInfoViewController.swift in Sources */ = {isa = PBXBuildFile; fileRef = 7488956E24C0A12200AF165E /* PersonalInfoViewController.swift */; };
		7488957124C0A13F00AF165E /* PersonalInfoListViewController.swift in Sources */ = {isa = PBXBuildFile; fileRef = 7488957024C0A13F00AF165E /* PersonalInfoListViewController.swift */; };
		74E7335B24B785B5006844B9 /* Main.storyboard in Resources */ = {isa = PBXBuildFile; fileRef = 74E7335924B785B5006844B9 /* Main.storyboard */; };
		74E7335D24B785B7006844B9 /* Assets.xcassets in Resources */ = {isa = PBXBuildFile; fileRef = 74E7335C24B785B7006844B9 /* Assets.xcassets */; };
		74E7336024B785B7006844B9 /* LaunchScreen.storyboard in Resources */ = {isa = PBXBuildFile; fileRef = 74E7335E24B785B7006844B9 /* LaunchScreen.storyboard */; };
		74E7339424B7993A006844B9 /* HomeViewContainerVC.swift in Sources */ = {isa = PBXBuildFile; fileRef = 74E7337824B7993A006844B9 /* HomeViewContainerVC.swift */; };
		74E7339524B7993A006844B9 /* VideoViewController.swift in Sources */ = {isa = PBXBuildFile; fileRef = 74E7337D24B7993A006844B9 /* VideoViewController.swift */; };
		74E7339624B7993A006844B9 /* ApplicationViewController.swift in Sources */ = {isa = PBXBuildFile; fileRef = 74E7338224B7993A006844B9 /* ApplicationViewController.swift */; };
		74E7339724B7993A006844B9 /* AppDelegate.swift in Sources */ = {isa = PBXBuildFile; fileRef = 74E7338624B7993A006844B9 /* AppDelegate.swift */; };
		74E7339924B7993A006844B9 /* MineViewController.swift in Sources */ = {isa = PBXBuildFile; fileRef = 74E7338A24B7993A006844B9 /* MineViewController.swift */; };
		74E7339A24B7993A006844B9 /* MyTabBarController.swift in Sources */ = {isa = PBXBuildFile; fileRef = 74E7338F24B7993A006844B9 /* MyTabBarController.swift */; };
		74E7339B24B7993A006844B9 /* MyNavigationController.swift in Sources */ = {isa = PBXBuildFile; fileRef = 74E7339024B7993A006844B9 /* MyNavigationController.swift */; };
		74E7339C24B7993A006844B9 /* MyTabBar.swift in Sources */ = {isa = PBXBuildFile; fileRef = 74E7339324B7993A006844B9 /* MyTabBar.swift */; };
		74E7339E24B79FA0006844B9 /* Const.swift in Sources */ = {isa = PBXBuildFile; fileRef = 74E7339D24B79FA0006844B9 /* Const.swift */; };
		74E733A024B7A083006844B9 /* UIColor+Extension.swift in Sources */ = {isa = PBXBuildFile; fileRef = 74E7339F24B7A083006844B9 /* UIColor+Extension.swift */; };
/* End PBXBuildFile section */

/* Begin PBXFileReference section */
		10506F875DB8AD3A5B0F1111 /* Pods-News.release.xcconfig */ = {isa = PBXFileReference; includeInIndex = 1; lastKnownFileType = text.xcconfig; name = "Pods-News.release.xcconfig"; path = "Target Support Files/Pods-News/Pods-News.release.xcconfig"; sourceTree = "<group>"; };
		353210F924C4429700E9CE80 /* HomeSingleTextCell.swift */ = {isa = PBXFileReference; lastKnownFileType = sourcecode.swift; path = HomeSingleTextCell.swift; sourceTree = "<group>"; };
		35E1235424EA7C0900ED12D0 /* HomePageFunctionCollectionCell.swift */ = {isa = PBXFileReference; lastKnownFileType = sourcecode.swift; path = HomePageFunctionCollectionCell.swift; sourceTree = "<group>"; };
		35E1235624EA7E1B00ED12D0 /* HomePage.xcassets */ = {isa = PBXFileReference; lastKnownFileType = folder.assetcatalog; path = HomePage.xcassets; sourceTree = "<group>"; };
		7415F3BD24D85DC20050D599 /* HomePageFunctionPopView.swift */ = {isa = PBXFileReference; lastKnownFileType = sourcecode.swift; path = HomePageFunctionPopView.swift; sourceTree = "<group>"; };
		741AE16024BB6E2000557DAC /* NetworkTool.swift */ = {isa = PBXFileReference; lastKnownFileType = sourcecode.swift; path = NetworkTool.swift; sourceTree = "<group>"; };
		741AE16224BB76D600557DAC /* MyCellModel.swift */ = {isa = PBXFileReference; lastKnownFileType = sourcecode.swift; path = MyCellModel.swift; sourceTree = "<group>"; };
		745E2ACA24C9D39B00B9FF81 /* HomePageSinglePicCell.swift */ = {isa = PBXFileReference; lastKnownFileType = sourcecode.swift; path = HomePageSinglePicCell.swift; sourceTree = "<group>"; };
		7464D75324C888A6003DC7F0 /* HomePageListModel.swift */ = {isa = PBXFileReference; lastKnownFileType = sourcecode.swift; path = HomePageListModel.swift; sourceTree = "<group>"; };
		74721DB924C5F9D100C181CA /* HttpRequestFile.swift */ = {isa = PBXFileReference; lastKnownFileType = sourcecode.swift; path = HttpRequestFile.swift; sourceTree = "<group>"; };
		74721DBB24C5FA6700C181CA /* HttpRequestExtension.swift */ = {isa = PBXFileReference; lastKnownFileType = sourcecode.swift; path = HttpRequestExtension.swift; sourceTree = "<group>"; };
		74721DC124C60EF600C181CA /* HomePageChannelModel.swift */ = {isa = PBXFileReference; lastKnownFileType = sourcecode.swift; path = HomePageChannelModel.swift; sourceTree = "<group>"; };
		7488956824C083AD00AF165E /* MyOtherCell.swift */ = {isa = PBXFileReference; lastKnownFileType = sourcecode.swift; path = MyOtherCell.swift; sourceTree = "<group>"; };
		7488956924C083AE00AF165E /* MyOtherCell.xib */ = {isa = PBXFileReference; lastKnownFileType = file.xib; path = MyOtherCell.xib; sourceTree = "<group>"; };
		7488956C24C08FFE00AF165E /* HomeViewListVC.swift */ = {isa = PBXFileReference; lastKnownFileType = sourcecode.swift; path = HomeViewListVC.swift; sourceTree = "<group>"; };
		7488956E24C0A12200AF165E /* PersonalInfoViewController.swift */ = {isa = PBXFileReference; lastKnownFileType = sourcecode.swift; path = PersonalInfoViewController.swift; sourceTree = "<group>"; };
		7488957024C0A13F00AF165E /* PersonalInfoListViewController.swift */ = {isa = PBXFileReference; lastKnownFileType = sourcecode.swift; path = PersonalInfoListViewController.swift; sourceTree = "<group>"; };
		74E7335024B785B5006844B9 /* News.app */ = {isa = PBXFileReference; explicitFileType = wrapper.application; includeInIndex = 0; path = News.app; sourceTree = BUILT_PRODUCTS_DIR; };
		74E7335A24B785B5006844B9 /* Base */ = {isa = PBXFileReference; lastKnownFileType = file.storyboard; name = Base; path = Base.lproj/Main.storyboard; sourceTree = "<group>"; };
		74E7335C24B785B7006844B9 /* Assets.xcassets */ = {isa = PBXFileReference; lastKnownFileType = folder.assetcatalog; path = Assets.xcassets; sourceTree = "<group>"; };
		74E7335F24B785B7006844B9 /* Base */ = {isa = PBXFileReference; lastKnownFileType = file.storyboard; name = Base; path = Base.lproj/LaunchScreen.storyboard; sourceTree = "<group>"; };
		74E7337824B7993A006844B9 /* HomeViewContainerVC.swift */ = {isa = PBXFileReference; fileEncoding = 4; lastKnownFileType = sourcecode.swift; path = HomeViewContainerVC.swift; sourceTree = "<group>"; };
		74E7337D24B7993A006844B9 /* VideoViewController.swift */ = {isa = PBXFileReference; fileEncoding = 4; lastKnownFileType = sourcecode.swift; path = VideoViewController.swift; sourceTree = "<group>"; };
		74E7338224B7993A006844B9 /* ApplicationViewController.swift */ = {isa = PBXFileReference; fileEncoding = 4; lastKnownFileType = sourcecode.swift; path = ApplicationViewController.swift; sourceTree = "<group>"; };
		74E7338624B7993A006844B9 /* AppDelegate.swift */ = {isa = PBXFileReference; fileEncoding = 4; lastKnownFileType = sourcecode.swift; path = AppDelegate.swift; sourceTree = "<group>"; };
		74E7338724B7993A006844B9 /* Info.plist */ = {isa = PBXFileReference; fileEncoding = 4; lastKnownFileType = text.plist.xml; path = Info.plist; sourceTree = "<group>"; };
		74E7338A24B7993A006844B9 /* MineViewController.swift */ = {isa = PBXFileReference; fileEncoding = 4; lastKnownFileType = sourcecode.swift; path = MineViewController.swift; sourceTree = "<group>"; };
		74E7338F24B7993A006844B9 /* MyTabBarController.swift */ = {isa = PBXFileReference; fileEncoding = 4; lastKnownFileType = sourcecode.swift; path = MyTabBarController.swift; sourceTree = "<group>"; };
		74E7339024B7993A006844B9 /* MyNavigationController.swift */ = {isa = PBXFileReference; fileEncoding = 4; lastKnownFileType = sourcecode.swift; path = MyNavigationController.swift; sourceTree = "<group>"; };
		74E7339324B7993A006844B9 /* MyTabBar.swift */ = {isa = PBXFileReference; fileEncoding = 4; lastKnownFileType = sourcecode.swift; path = MyTabBar.swift; sourceTree = "<group>"; };
		74E7339D24B79FA0006844B9 /* Const.swift */ = {isa = PBXFileReference; lastKnownFileType = sourcecode.swift; path = Const.swift; sourceTree = "<group>"; };
		74E7339F24B7A083006844B9 /* UIColor+Extension.swift */ = {isa = PBXFileReference; lastKnownFileType = sourcecode.swift; path = "UIColor+Extension.swift"; sourceTree = "<group>"; };
		B166A9E9B9D9BAE1079D1A92 /* Pods_News.framework */ = {isa = PBXFileReference; explicitFileType = wrapper.framework; includeInIndex = 0; path = Pods_News.framework; sourceTree = BUILT_PRODUCTS_DIR; };
		C838B00EA8EC6803A03FD90F /* Pods-News.debug.xcconfig */ = {isa = PBXFileReference; includeInIndex = 1; lastKnownFileType = text.xcconfig; name = "Pods-News.debug.xcconfig"; path = "Target Support Files/Pods-News/Pods-News.debug.xcconfig"; sourceTree = "<group>"; };
/* End PBXFileReference section */

/* Begin PBXFrameworksBuildPhase section */
		74E7334D24B785B5006844B9 /* Frameworks */ = {
			isa = PBXFrameworksBuildPhase;
			buildActionMask = 2147483647;
			files = (
				6CED0AB808441C16D6948EFD /* Pods_News.framework in Frameworks */,
			);
			runOnlyForDeploymentPostprocessing = 0;
		};
/* End PBXFrameworksBuildPhase section */

/* Begin PBXGroup section */
		22E3FB1798E57746CD3F65FB /* Frameworks */ = {
			isa = PBXGroup;
			children = (
				B166A9E9B9D9BAE1079D1A92 /* Pods_News.framework */,
			);
			name = Frameworks;
			sourceTree = "<group>";
		};
		353210F724C4428700E9CE80 /* View */ = {
			isa = PBXGroup;
			children = (
				353210F924C4429700E9CE80 /* HomeSingleTextCell.swift */,
				745E2ACA24C9D39B00B9FF81 /* HomePageSinglePicCell.swift */,
			);
			path = View;
			sourceTree = "<group>";
		};
		741AE15F24BB6DF400557DAC /* Tools */ = {
			isa = PBXGroup;
			children = (
				74721DBD24C604C000C181CA /* 对Alamofire封装的网络工具 */,
				74721DB824C5F9BD00C181CA /* Moya */,
			);
			path = Tools;
			sourceTree = "<group>";
		};
		74721DB824C5F9BD00C181CA /* Moya */ = {
			isa = PBXGroup;
			children = (
				74721DB924C5F9D100C181CA /* HttpRequestFile.swift */,
				74721DBB24C5FA6700C181CA /* HttpRequestExtension.swift */,
			);
			path = Moya;
			sourceTree = "<group>";
		};
		74721DBD24C604C000C181CA /* 对Alamofire封装的网络工具 */ = {
			isa = PBXGroup;
			children = (
				741AE16024BB6E2000557DAC /* NetworkTool.swift */,
			);
			path = "对Alamofire封装的网络工具";
			sourceTree = "<group>";
		};
		74721DC024C60EE100C181CA /* Model */ = {
			isa = PBXGroup;
			children = (
				74721DC124C60EF600C181CA /* HomePageChannelModel.swift */,
				7464D75324C888A6003DC7F0 /* HomePageListModel.swift */,
			);
			path = Model;
			sourceTree = "<group>";
		};
		74E7334724B785B5006844B9 = {
			isa = PBXGroup;
			children = (
				74E7335224B785B5006844B9 /* News */,
				74E7335124B785B5006844B9 /* Products */,
				EC25BA75F31F82DB39AF8CD1 /* Pods */,
				22E3FB1798E57746CD3F65FB /* Frameworks */,
			);
			sourceTree = "<group>";
		};
		74E7335124B785B5006844B9 /* Products */ = {
			isa = PBXGroup;
			children = (
				74E7335024B785B5006844B9 /* News.app */,
			);
			name = Products;
			sourceTree = "<group>";
		};
		74E7335224B785B5006844B9 /* News */ = {
			isa = PBXGroup;
			children = (
				74E7337524B7993A006844B9 /* Classes */,
				74E7335924B785B5006844B9 /* Main.storyboard */,
				74E7335C24B785B7006844B9 /* Assets.xcassets */,
				74E7335E24B785B7006844B9 /* LaunchScreen.storyboard */,
			);
			path = News;
			sourceTree = "<group>";
		};
		74E7337524B7993A006844B9 /* Classes */ = {
			isa = PBXGroup;
			children = (
				74E7338524B7993A006844B9 /* Other */,
				74E7338D24B7993A006844B9 /* Main */,
				74E7337624B7993A006844B9 /* Home */,
				74E7337B24B7993A006844B9 /* Video */,
				74E7338024B7993A006844B9 /* Application */,
				74E7338824B7993A006844B9 /* Mine */,
			);
			path = Classes;
			sourceTree = "<group>";
		};
		74E7337624B7993A006844B9 /* Home */ = {
			isa = PBXGroup;
			children = (
				74721DC024C60EE100C181CA /* Model */,
				353210F724C4428700E9CE80 /* View */,
				74E7337724B7993A006844B9 /* Controller */,
				35E1235624EA7E1B00ED12D0 /* HomePage.xcassets */,
			);
			path = Home;
			sourceTree = "<group>";
		};
		74E7337724B7993A006844B9 /* Controller */ = {
			isa = PBXGroup;
			children = (
				74E7337824B7993A006844B9 /* HomeViewContainerVC.swift */,
				7488956C24C08FFE00AF165E /* HomeViewListVC.swift */,
			);
			path = Controller;
			sourceTree = "<group>";
		};
		74E7337B24B7993A006844B9 /* Video */ = {
			isa = PBXGroup;
			children = (
				74E7337C24B7993A006844B9 /* Controller */,
				74E7337E24B7993A006844B9 /* Model */,
				74E7337F24B7993A006844B9 /* View */,
			);
			path = Video;
			sourceTree = "<group>";
		};
		74E7337C24B7993A006844B9 /* Controller */ = {
			isa = PBXGroup;
			children = (
				74E7337D24B7993A006844B9 /* VideoViewController.swift */,
			);
			path = Controller;
			sourceTree = "<group>";
		};
		74E7337E24B7993A006844B9 /* Model */ = {
			isa = PBXGroup;
			children = (
			);
			path = Model;
			sourceTree = "<group>";
		};
		74E7337F24B7993A006844B9 /* View */ = {
			isa = PBXGroup;
			children = (
			);
			path = View;
			sourceTree = "<group>";
		};
		74E7338024B7993A006844B9 /* Application */ = {
			isa = PBXGroup;
			children = (
				74E7338124B7993A006844B9 /* Controller */,
				74E7338324B7993A006844B9 /* Model */,
				74E7338424B7993A006844B9 /* View */,
			);
			path = Application;
			sourceTree = "<group>";
		};
		74E7338124B7993A006844B9 /* Controller */ = {
			isa = PBXGroup;
			children = (
				74E7338224B7993A006844B9 /* ApplicationViewController.swift */,
			);
			path = Controller;
			sourceTree = "<group>";
		};
		74E7338324B7993A006844B9 /* Model */ = {
			isa = PBXGroup;
			children = (
			);
			path = Model;
			sourceTree = "<group>";
		};
		74E7338424B7993A006844B9 /* View */ = {
			isa = PBXGroup;
			children = (
			);
			path = View;
			sourceTree = "<group>";
		};
		74E7338524B7993A006844B9 /* Other */ = {
			isa = PBXGroup;
			children = (
				74E7338624B7993A006844B9 /* AppDelegate.swift */,
				74E7338724B7993A006844B9 /* Info.plist */,
				74E7339D24B79FA0006844B9 /* Const.swift */,
				74E7339F24B7A083006844B9 /* UIColor+Extension.swift */,
			);
			path = Other;
			sourceTree = "<group>";
		};
		74E7338824B7993A006844B9 /* Mine */ = {
			isa = PBXGroup;
			children = (
				74E7338924B7993A006844B9 /* Controller */,
				74E7338B24B7993A006844B9 /* Model */,
				74E7338C24B7993A006844B9 /* View */,
			);
			path = Mine;
			sourceTree = "<group>";
		};
		74E7338924B7993A006844B9 /* Controller */ = {
			isa = PBXGroup;
			children = (
				74E7338A24B7993A006844B9 /* MineViewController.swift */,
				7488956E24C0A12200AF165E /* PersonalInfoViewController.swift */,
				7488957024C0A13F00AF165E /* PersonalInfoListViewController.swift */,
			);
			path = Controller;
			sourceTree = "<group>";
		};
		74E7338B24B7993A006844B9 /* Model */ = {
			isa = PBXGroup;
			children = (
			);
			path = Model;
			sourceTree = "<group>";
		};
		74E7338C24B7993A006844B9 /* View */ = {
			isa = PBXGroup;
			children = (
				7488956824C083AD00AF165E /* MyOtherCell.swift */,
				7488956924C083AE00AF165E /* MyOtherCell.xib */,
			);
			path = View;
			sourceTree = "<group>";
		};
		74E7338D24B7993A006844B9 /* Main */ = {
			isa = PBXGroup;
			children = (
				741AE15F24BB6DF400557DAC /* Tools */,
				74E7338E24B7993A006844B9 /* Controller */,
				74E7339124B7993A006844B9 /* Model */,
				74E7339224B7993A006844B9 /* View */,
			);
			path = Main;
			sourceTree = "<group>";
		};
		74E7338E24B7993A006844B9 /* Controller */ = {
			isa = PBXGroup;
			children = (
				74E7338F24B7993A006844B9 /* MyTabBarController.swift */,
				74E7339024B7993A006844B9 /* MyNavigationController.swift */,
			);
			path = Controller;
			sourceTree = "<group>";
		};
		74E7339124B7993A006844B9 /* Model */ = {
			isa = PBXGroup;
			children = (
				741AE16224BB76D600557DAC /* MyCellModel.swift */,
			);
			path = Model;
			sourceTree = "<group>";
		};
		74E7339224B7993A006844B9 /* View */ = {
			isa = PBXGroup;
			children = (
				74E7339324B7993A006844B9 /* MyTabBar.swift */,
				7415F3BD24D85DC20050D599 /* HomePageFunctionPopView.swift */,
				35E1235424EA7C0900ED12D0 /* HomePageFunctionCollectionCell.swift */,
			);
			path = View;
			sourceTree = "<group>";
		};
		EC25BA75F31F82DB39AF8CD1 /* Pods */ = {
			isa = PBXGroup;
			children = (
				C838B00EA8EC6803A03FD90F /* Pods-News.debug.xcconfig */,
				10506F875DB8AD3A5B0F1111 /* Pods-News.release.xcconfig */,
			);
			path = Pods;
			sourceTree = "<group>";
		};
/* End PBXGroup section */

/* Begin PBXNativeTarget section */
		74E7334F24B785B5006844B9 /* News */ = {
			isa = PBXNativeTarget;
			buildConfigurationList = 74E7336424B785B7006844B9 /* Build configuration list for PBXNativeTarget "News" */;
			buildPhases = (
				EB79DDA56D21278E34BC5EB5 /* [CP] Check Pods Manifest.lock */,
				74E7334C24B785B5006844B9 /* Sources */,
				74E7334D24B785B5006844B9 /* Frameworks */,
				74E7334E24B785B5006844B9 /* Resources */,
				4A0826FE25A13501B56D6ED3 /* [CP] Embed Pods Frameworks */,
			);
			buildRules = (
			);
			dependencies = (
			);
			name = News;
			productName = News;
			productReference = 74E7335024B785B5006844B9 /* News.app */;
			productType = "com.apple.product-type.application";
		};
/* End PBXNativeTarget section */

/* Begin PBXProject section */
		74E7334824B785B5006844B9 /* Project object */ = {
			isa = PBXProject;
			attributes = {
				LastSwiftUpdateCheck = 1130;
				LastUpgradeCheck = 1130;
				ORGANIZATIONNAME = "陈诚";
				TargetAttributes = {
					74E7334F24B785B5006844B9 = {
						CreatedOnToolsVersion = 11.3.1;
					};
				};
			};
			buildConfigurationList = 74E7334B24B785B5006844B9 /* Build configuration list for PBXProject "News" */;
			compatibilityVersion = "Xcode 9.3";
			developmentRegion = en;
			hasScannedForEncodings = 0;
			knownRegions = (
				en,
				Base,
			);
			mainGroup = 74E7334724B785B5006844B9;
			productRefGroup = 74E7335124B785B5006844B9 /* Products */;
			projectDirPath = "";
			projectRoot = "";
			targets = (
				74E7334F24B785B5006844B9 /* News */,
			);
		};
/* End PBXProject section */

/* Begin PBXResourcesBuildPhase section */
		74E7334E24B785B5006844B9 /* Resources */ = {
			isa = PBXResourcesBuildPhase;
			buildActionMask = 2147483647;
			files = (
				7488956B24C083AE00AF165E /* MyOtherCell.xib in Resources */,
				74E7336024B785B7006844B9 /* LaunchScreen.storyboard in Resources */,
				74E7335D24B785B7006844B9 /* Assets.xcassets in Resources */,
				74E7335B24B785B5006844B9 /* Main.storyboard in Resources */,
				35E1235724EA7E1B00ED12D0 /* HomePage.xcassets in Resources */,
			);
			runOnlyForDeploymentPostprocessing = 0;
		};
/* End PBXResourcesBuildPhase section */

/* Begin PBXShellScriptBuildPhase section */
		4A0826FE25A13501B56D6ED3 /* [CP] Embed Pods Frameworks */ = {
			isa = PBXShellScriptBuildPhase;
			buildActionMask = 2147483647;
			files = (
			);
			inputFileListPaths = (
				"${PODS_ROOT}/Target Support Files/Pods-News/Pods-News-frameworks-${CONFIGURATION}-input-files.xcfilelist",
			);
			name = "[CP] Embed Pods Frameworks";
			outputFileListPaths = (
				"${PODS_ROOT}/Target Support Files/Pods-News/Pods-News-frameworks-${CONFIGURATION}-output-files.xcfilelist",
			);
			runOnlyForDeploymentPostprocessing = 0;
			shellPath = /bin/sh;
			shellScript = "\"${PODS_ROOT}/Target Support Files/Pods-News/Pods-News-frameworks.sh\"\n";
			showEnvVarsInLog = 0;
		};
		EB79DDA56D21278E34BC5EB5 /* [CP] Check Pods Manifest.lock */ = {
			isa = PBXShellScriptBuildPhase;
			buildActionMask = 2147483647;
			files = (
			);
			inputFileListPaths = (
			);
			inputPaths = (
				"${PODS_PODFILE_DIR_PATH}/Podfile.lock",
				"${PODS_ROOT}/Manifest.lock",
			);
			name = "[CP] Check Pods Manifest.lock";
			outputFileListPaths = (
			);
			outputPaths = (
				"$(DERIVED_FILE_DIR)/Pods-News-checkManifestLockResult.txt",
			);
			runOnlyForDeploymentPostprocessing = 0;
			shellPath = /bin/sh;
			shellScript = "diff \"${PODS_PODFILE_DIR_PATH}/Podfile.lock\" \"${PODS_ROOT}/Manifest.lock\" > /dev/null\nif [ $? != 0 ] ; then\n    # print error to STDERR\n    echo \"error: The sandbox is not in sync with the Podfile.lock. Run 'pod install' or update your CocoaPods installation.\" >&2\n    exit 1\nfi\n# This output is used by Xcode 'outputs' to avoid re-running this script phase.\necho \"SUCCESS\" > \"${SCRIPT_OUTPUT_FILE_0}\"\n";
			showEnvVarsInLog = 0;
		};
/* End PBXShellScriptBuildPhase section */

/* Begin PBXSourcesBuildPhase section */
		74E7334C24B785B5006844B9 /* Sources */ = {
			isa = PBXSourcesBuildPhase;
			buildActionMask = 2147483647;
			files = (
				74E7339724B7993A006844B9 /* AppDelegate.swift in Sources */,
				74E7339524B7993A006844B9 /* VideoViewController.swift in Sources */,
				74E7339424B7993A006844B9 /* HomeViewContainerVC.swift in Sources */,
				74721DBA24C5F9D100C181CA /* HttpRequestFile.swift in Sources */,
				7488956D24C08FFE00AF165E /* HomeViewListVC.swift in Sources */,
				74E7339C24B7993A006844B9 /* MyTabBar.swift in Sources */,
				74E7339624B7993A006844B9 /* ApplicationViewController.swift in Sources */,
				35E1235524EA7C0900ED12D0 /* HomePageFunctionCollectionCell.swift in Sources */,
				74E7339B24B7993A006844B9 /* MyNavigationController.swift in Sources */,
				7415F3BE24D85DC20050D599 /* HomePageFunctionPopView.swift in Sources */,
				7488956F24C0A12200AF165E /* PersonalInfoViewController.swift in Sources */,
				74E7339924B7993A006844B9 /* MineViewController.swift in Sources */,
				7464D75424C888A6003DC7F0 /* HomePageListModel.swift in Sources */,
				741AE16324BB76D600557DAC /* MyCellModel.swift in Sources */,
				7488957124C0A13F00AF165E /* PersonalInfoListViewController.swift in Sources */,
				353210FA24C4429700E9CE80 /* HomeSingleTextCell.swift in Sources */,
				74721DC224C60EF600C181CA /* HomePageChannelModel.swift in Sources */,
				7488956A24C083AE00AF165E /* MyOtherCell.swift in Sources */,
				745E2ACB24C9D39B00B9FF81 /* HomePageSinglePicCell.swift in Sources */,
				74E7339A24B7993A006844B9 /* MyTabBarController.swift in Sources */,
				74721DBC24C5FA6700C181CA /* HttpRequestExtension.swift in Sources */,
				74E7339E24B79FA0006844B9 /* Const.swift in Sources */,
				741AE16124BB6E2000557DAC /* NetworkTool.swift in Sources */,
				74E733A024B7A083006844B9 /* UIColor+Extension.swift in Sources */,
			);
			runOnlyForDeploymentPostprocessing = 0;
		};
/* End PBXSourcesBuildPhase section */

/* Begin PBXVariantGroup section */
		74E7335924B785B5006844B9 /* Main.storyboard */ = {
			isa = PBXVariantGroup;
			children = (
				74E7335A24B785B5006844B9 /* Base */,
			);
			name = Main.storyboard;
			sourceTree = "<group>";
		};
		74E7335E24B785B7006844B9 /* LaunchScreen.storyboard */ = {
			isa = PBXVariantGroup;
			children = (
				74E7335F24B785B7006844B9 /* Base */,
			);
			name = LaunchScreen.storyboard;
			sourceTree = "<group>";
		};
/* End PBXVariantGroup section */

/* Begin XCBuildConfiguration section */
		74E7336224B785B7006844B9 /* Debug */ = {
			isa = XCBuildConfiguration;
			buildSettings = {
				ALWAYS_SEARCH_USER_PATHS = NO;
				CLANG_ANALYZER_NONNULL = YES;
				CLANG_ANALYZER_NUMBER_OBJECT_CONVERSION = YES_AGGRESSIVE;
				CLANG_CXX_LANGUAGE_STANDARD = "gnu++14";
				CLANG_CXX_LIBRARY = "libc++";
				CLANG_ENABLE_MODULES = YES;
				CLANG_ENABLE_OBJC_ARC = YES;
				CLANG_ENABLE_OBJC_WEAK = YES;
				CLANG_WARN_BLOCK_CAPTURE_AUTORELEASING = YES;
				CLANG_WARN_BOOL_CONVERSION = YES;
				CLANG_WARN_COMMA = YES;
				CLANG_WARN_CONSTANT_CONVERSION = YES;
				CLANG_WARN_DEPRECATED_OBJC_IMPLEMENTATIONS = YES;
				CLANG_WARN_DIRECT_OBJC_ISA_USAGE = YES_ERROR;
				CLANG_WARN_DOCUMENTATION_COMMENTS = YES;
				CLANG_WARN_EMPTY_BODY = YES;
				CLANG_WARN_ENUM_CONVERSION = YES;
				CLANG_WARN_INFINITE_RECURSION = YES;
				CLANG_WARN_INT_CONVERSION = YES;
				CLANG_WARN_NON_LITERAL_NULL_CONVERSION = YES;
				CLANG_WARN_OBJC_IMPLICIT_RETAIN_SELF = YES;
				CLANG_WARN_OBJC_LITERAL_CONVERSION = YES;
				CLANG_WARN_OBJC_ROOT_CLASS = YES_ERROR;
				CLANG_WARN_RANGE_LOOP_ANALYSIS = YES;
				CLANG_WARN_STRICT_PROTOTYPES = YES;
				CLANG_WARN_SUSPICIOUS_MOVE = YES;
				CLANG_WARN_UNGUARDED_AVAILABILITY = YES_AGGRESSIVE;
				CLANG_WARN_UNREACHABLE_CODE = YES;
				CLANG_WARN__DUPLICATE_METHOD_MATCH = YES;
				COPY_PHASE_STRIP = NO;
				DEBUG_INFORMATION_FORMAT = dwarf;
				ENABLE_STRICT_OBJC_MSGSEND = YES;
				ENABLE_TESTABILITY = YES;
				GCC_C_LANGUAGE_STANDARD = gnu11;
				GCC_DYNAMIC_NO_PIC = NO;
				GCC_NO_COMMON_BLOCKS = YES;
				GCC_OPTIMIZATION_LEVEL = 0;
				GCC_PREPROCESSOR_DEFINITIONS = (
					"DEBUG=1",
					"$(inherited)",
				);
				GCC_WARN_64_TO_32_BIT_CONVERSION = YES;
				GCC_WARN_ABOUT_RETURN_TYPE = YES_ERROR;
				GCC_WARN_UNDECLARED_SELECTOR = YES;
				GCC_WARN_UNINITIALIZED_AUTOS = YES_AGGRESSIVE;
				GCC_WARN_UNUSED_FUNCTION = YES;
				GCC_WARN_UNUSED_VARIABLE = YES;
				IPHONEOS_DEPLOYMENT_TARGET = 13.2;
				MTL_ENABLE_DEBUG_INFO = INCLUDE_SOURCE;
				MTL_FAST_MATH = YES;
				ONLY_ACTIVE_ARCH = YES;
				SDKROOT = iphoneos;
				SWIFT_ACTIVE_COMPILATION_CONDITIONS = DEBUG;
				SWIFT_OPTIMIZATION_LEVEL = "-Onone";
			};
			name = Debug;
		};
		74E7336324B785B7006844B9 /* Release */ = {
			isa = XCBuildConfiguration;
			buildSettings = {
				ALWAYS_SEARCH_USER_PATHS = NO;
				CLANG_ANALYZER_NONNULL = YES;
				CLANG_ANALYZER_NUMBER_OBJECT_CONVERSION = YES_AGGRESSIVE;
				CLANG_CXX_LANGUAGE_STANDARD = "gnu++14";
				CLANG_CXX_LIBRARY = "libc++";
				CLANG_ENABLE_MODULES = YES;
				CLANG_ENABLE_OBJC_ARC = YES;
				CLANG_ENABLE_OBJC_WEAK = YES;
				CLANG_WARN_BLOCK_CAPTURE_AUTORELEASING = YES;
				CLANG_WARN_BOOL_CONVERSION = YES;
				CLANG_WARN_COMMA = YES;
				CLANG_WARN_CONSTANT_CONVERSION = YES;
				CLANG_WARN_DEPRECATED_OBJC_IMPLEMENTATIONS = YES;
				CLANG_WARN_DIRECT_OBJC_ISA_USAGE = YES_ERROR;
				CLANG_WARN_DOCUMENTATION_COMMENTS = YES;
				CLANG_WARN_EMPTY_BODY = YES;
				CLANG_WARN_ENUM_CONVERSION = YES;
				CLANG_WARN_INFINITE_RECURSION = YES;
				CLANG_WARN_INT_CONVERSION = YES;
				CLANG_WARN_NON_LITERAL_NULL_CONVERSION = YES;
				CLANG_WARN_OBJC_IMPLICIT_RETAIN_SELF = YES;
				CLANG_WARN_OBJC_LITERAL_CONVERSION = YES;
				CLANG_WARN_OBJC_ROOT_CLASS = YES_ERROR;
				CLANG_WARN_RANGE_LOOP_ANALYSIS = YES;
				CLANG_WARN_STRICT_PROTOTYPES = YES;
				CLANG_WARN_SUSPICIOUS_MOVE = YES;
				CLANG_WARN_UNGUARDED_AVAILABILITY = YES_AGGRESSIVE;
				CLANG_WARN_UNREACHABLE_CODE = YES;
				CLANG_WARN__DUPLICATE_METHOD_MATCH = YES;
				COPY_PHASE_STRIP = NO;
				DEBUG_INFORMATION_FORMAT = "dwarf-with-dsym";
				ENABLE_NS_ASSERTIONS = NO;
				ENABLE_STRICT_OBJC_MSGSEND = YES;
				GCC_C_LANGUAGE_STANDARD = gnu11;
				GCC_NO_COMMON_BLOCKS = YES;
				GCC_WARN_64_TO_32_BIT_CONVERSION = YES;
				GCC_WARN_ABOUT_RETURN_TYPE = YES_ERROR;
				GCC_WARN_UNDECLARED_SELECTOR = YES;
				GCC_WARN_UNINITIALIZED_AUTOS = YES_AGGRESSIVE;
				GCC_WARN_UNUSED_FUNCTION = YES;
				GCC_WARN_UNUSED_VARIABLE = YES;
				IPHONEOS_DEPLOYMENT_TARGET = 13.2;
				MTL_ENABLE_DEBUG_INFO = NO;
				MTL_FAST_MATH = YES;
				SDKROOT = iphoneos;
				SWIFT_COMPILATION_MODE = wholemodule;
				SWIFT_OPTIMIZATION_LEVEL = "-O";
				VALIDATE_PRODUCT = YES;
			};
			name = Release;
		};
		74E7336524B785B7006844B9 /* Debug */ = {
			isa = XCBuildConfiguration;
			baseConfigurationReference = C838B00EA8EC6803A03FD90F /* Pods-News.debug.xcconfig */;
			buildSettings = {
				ASSETCATALOG_COMPILER_APPICON_NAME = AppIcon;
				CODE_SIGN_STYLE = Automatic;
				DEVELOPMENT_TEAM = 3HYSRZ63T5;
				INFOPLIST_FILE = "$(SRCROOT)/News/Classes/Other/Info.plist";
				IPHONEOS_DEPLOYMENT_TARGET = 12.0;
				LD_RUNPATH_SEARCH_PATHS = (
					"$(inherited)",
					"@executable_path/Frameworks",
				);
				PRODUCT_BUNDLE_IDENTIFIER = com.cc.News;
				PRODUCT_NAME = "$(TARGET_NAME)";
				SWIFT_VERSION = 5.0;
				TARGETED_DEVICE_FAMILY = 1;
			};
			name = Debug;
		};
		74E7336624B785B7006844B9 /* Release */ = {
			isa = XCBuildConfiguration;
			baseConfigurationReference = 10506F875DB8AD3A5B0F1111 /* Pods-News.release.xcconfig */;
			buildSettings = {
				ASSETCATALOG_COMPILER_APPICON_NAME = AppIcon;
				CODE_SIGN_STYLE = Manual;
				DEVELOPMENT_TEAM = "";
				INFOPLIST_FILE = "$(SRCROOT)/News/Classes/Other/Info.plist";
				IPHONEOS_DEPLOYMENT_TARGET = 12.0;
				LD_RUNPATH_SEARCH_PATHS = (
					"$(inherited)",
					"@executable_path/Frameworks",
				);
				PRODUCT_BUNDLE_IDENTIFIER = com.cc.News;
				PRODUCT_NAME = "$(TARGET_NAME)";
				PROVISIONING_PROFILE_SPECIFIER = "";
				SWIFT_VERSION = 5.0;
				TARGETED_DEVICE_FAMILY = 1;
			};
			name = Release;
		};
/* End XCBuildConfiguration section */

/* Begin XCConfigurationList section */
		74E7334B24B785B5006844B9 /* Build configuration list for PBXProject "News" */ = {
			isa = XCConfigurationList;
			buildConfigurations = (
				74E7336224B785B7006844B9 /* Debug */,
				74E7336324B785B7006844B9 /* Release */,
			);
			defaultConfigurationIsVisible = 0;
			defaultConfigurationName = Release;
		};
		74E7336424B785B7006844B9 /* Build configuration list for PBXNativeTarget "News" */ = {
			isa = XCConfigurationList;
			buildConfigurations = (
				74E7336524B785B7006844B9 /* Debug */,
				74E7336624B785B7006844B9 /* Release */,
			);
			defaultConfigurationIsVisible = 0;
			defaultConfigurationName = Release;
		};
/* End XCConfigurationList section */
	};
	rootObject = 74E7334824B785B5006844B9 /* Project object */;
}
